
Microsoft Visual Studio Solution File, Format Version 12.00
# Visual Studio Version 17
VisualStudioVersion = 17.11.35312.102
MinimumVisualStudioVersion = 10.0.40219.1
Project("{9A19103F-16F7-4668-BE54-9A1E7A4F7556}") = "DAL", "DAL\DAL.csproj", "{BB84A5E5-8ACD-4724-A364-D867BA5D630B}"
EndProject
Project("{9A19103F-16F7-4668-BE54-9A1E7A4F7556}") = "Domain", "Domain\Domain.csproj", "{495367AE-0D6B-45C2-8878-A792A9C26CF0}"
EndProject
Project("{2150E333-8FDC-42A3-9474-1A3956D46DE8}") = "IdentityService", "IdentityService", "{696DE2B5-40E1-4672-96DA-DDD1F26660D4}"
EndProject
Project("{2150E333-8FDC-42A3-9474-1A3956D46DE8}") = "OrderService", "OrderService", "{9B74C3C5-16D3-4DB9-9868-B7044DDDE3D8}"
EndProject
Project("{2150E333-8FDC-42A3-9474-1A3956D46DE8}") = "ProductService", "ProductService", "{2E8B78B6-AD6A-477C-90BB-5E974F4A945A}"
EndProject
Project("{2150E333-8FDC-42A3-9474-1A3956D46DE8}") = "APIGateway", "APIGateway", "{582AEE01-85DC-4D8E-8A58-EC1BCFAC2F75}"
EndProject
Project("{2150E333-8FDC-42A3-9474-1A3956D46DE8}") = "WebClient", "WebClient", "{9C1D514B-1904-479D-8425-7D02308D60F2}"
EndProject
Project("{9A19103F-16F7-4668-BE54-9A1E7A4F7556}") = "IdentityService.API", "IdentityService.API\IdentityService.API.csproj", "{7935DA13-BF6E-4BC3-AEBF-42403ADAFA40}"
EndProject
Project("{9A19103F-16F7-4668-BE54-9A1E7A4F7556}") = "IdentityService.BLL", "IdentityService.BLL\IdentityService.BLL.csproj", "{2782E921-9CEA-4669-899F-100765A21E92}"
EndProject
Project("{9A19103F-16F7-4668-BE54-9A1E7A4F7556}") = "IdentityService.DAL", "IdentityService.DAL\IdentityService.DAL.csproj", "{920FA22C-7F80-4A21-9FFE-940CE3BAB56E}"
EndProject
Project("{9A19103F-16F7-4668-BE54-9A1E7A4F7556}") = "WebApi", "WebApi\WebApi.csproj", "{F1996BBD-3371-46BF-89B1-544C5895A101}"
EndProject
Project("{9A19103F-16F7-4668-BE54-9A1E7A4F7556}") = "IdentityService.TestClient", "IdentityService.TestClient\IdentityService.TestClient.csproj", "{83B190C4-4DCF-403A-B2F1-A0A43001E7CC}"
EndProject
Project("{FAE04EC0-301F-11D3-BF4B-00C04F79EFBC}") = "OrderService.Api", "OrderService.Api\OrderService.Api.csproj", "{DAC1F9C9-E2E6-47E9-B23E-D810DD59EE4D}"
EndProject
Project("{FAE04EC0-301F-11D3-BF4B-00C04F79EFBC}") = "ProductService.Api", "ProductService.Api\ProductService.Api.csproj", "{EA3E54DB-3418-47A6-B503-DD8EA27FE02E}"
EndProject
Global
	GlobalSection(SolutionConfigurationPlatforms) = preSolution
		Debug|Any CPU = Debug|Any CPU
		Release|Any CPU = Release|Any CPU
	EndGlobalSection
	GlobalSection(ProjectConfigurationPlatforms) = postSolution
		{BB84A5E5-8ACD-4724-A364-D867BA5D630B}.Debug|Any CPU.ActiveCfg = Debug|Any CPU
		{BB84A5E5-8ACD-4724-A364-D867BA5D630B}.Debug|Any CPU.Build.0 = Debug|Any CPU
		{BB84A5E5-8ACD-4724-A364-D867BA5D630B}.Release|Any CPU.ActiveCfg = Release|Any CPU
		{BB84A5E5-8ACD-4724-A364-D867BA5D630B}.Release|Any CPU.Build.0 = Release|Any CPU
		{495367AE-0D6B-45C2-8878-A792A9C26CF0}.Debug|Any CPU.ActiveCfg = Debug|Any CPU
		{495367AE-0D6B-45C2-8878-A792A9C26CF0}.Debug|Any CPU.Build.0 = Debug|Any CPU
		{495367AE-0D6B-45C2-8878-A792A9C26CF0}.Release|Any CPU.ActiveCfg = Release|Any CPU
		{495367AE-0D6B-45C2-8878-A792A9C26CF0}.Release|Any CPU.Build.0 = Release|Any CPU
		{7935DA13-BF6E-4BC3-AEBF-42403ADAFA40}.Debug|Any CPU.ActiveCfg = Debug|Any CPU
		{7935DA13-BF6E-4BC3-AEBF-42403ADAFA40}.Debug|Any CPU.Build.0 = Debug|Any CPU
		{7935DA13-BF6E-4BC3-AEBF-42403ADAFA40}.Release|Any CPU.ActiveCfg = Release|Any CPU
		{7935DA13-BF6E-4BC3-AEBF-42403ADAFA40}.Release|Any CPU.Build.0 = Release|Any CPU
		{2782E921-9CEA-4669-899F-100765A21E92}.Debug|Any CPU.ActiveCfg = Debug|Any CPU
		{2782E921-9CEA-4669-899F-100765A21E92}.Debug|Any CPU.Build.0 = Debug|Any CPU
		{2782E921-9CEA-4669-899F-100765A21E92}.Release|Any CPU.ActiveCfg = Release|Any CPU
		{2782E921-9CEA-4669-899F-100765A21E92}.Release|Any CPU.Build.0 = Release|Any CPU
		{920FA22C-7F80-4A21-9FFE-940CE3BAB56E}.Debug|Any CPU.ActiveCfg = Debug|Any CPU
		{920FA22C-7F80-4A21-9FFE-940CE3BAB56E}.Debug|Any CPU.Build.0 = Debug|Any CPU
		{920FA22C-7F80-4A21-9FFE-940CE3BAB56E}.Release|Any CPU.ActiveCfg = Release|Any CPU
		{920FA22C-7F80-4A21-9FFE-940CE3BAB56E}.Release|Any CPU.Build.0 = Release|Any CPU
		{F1996BBD-3371-46BF-89B1-544C5895A101}.Debug|Any CPU.ActiveCfg = Debug|Any CPU
		{F1996BBD-3371-46BF-89B1-544C5895A101}.Debug|Any CPU.Build.0 = Debug|Any CPU
		{F1996BBD-3371-46BF-89B1-544C5895A101}.Release|Any CPU.ActiveCfg = Release|Any CPU
		{F1996BBD-3371-46BF-89B1-544C5895A101}.Release|Any CPU.Build.0 = Release|Any CPU
		{83B190C4-4DCF-403A-B2F1-A0A43001E7CC}.Debug|Any CPU.ActiveCfg = Debug|Any CPU
		{83B190C4-4DCF-403A-B2F1-A0A43001E7CC}.Debug|Any CPU.Build.0 = Debug|Any CPU
		{83B190C4-4DCF-403A-B2F1-A0A43001E7CC}.Release|Any CPU.ActiveCfg = Release|Any CPU
		{83B190C4-4DCF-403A-B2F1-A0A43001E7CC}.Release|Any CPU.Build.0 = Release|Any CPU
		{DAC1F9C9-E2E6-47E9-B23E-D810DD59EE4D}.Debug|Any CPU.ActiveCfg = Debug|Any CPU
		{DAC1F9C9-E2E6-47E9-B23E-D810DD59EE4D}.Debug|Any CPU.Build.0 = Debug|Any CPU
		{DAC1F9C9-E2E6-47E9-B23E-D810DD59EE4D}.Release|Any CPU.ActiveCfg = Release|Any CPU
		{DAC1F9C9-E2E6-47E9-B23E-D810DD59EE4D}.Release|Any CPU.Build.0 = Release|Any CPU
		{EA3E54DB-3418-47A6-B503-DD8EA27FE02E}.Debug|Any CPU.ActiveCfg = Debug|Any CPU
		{EA3E54DB-3418-47A6-B503-DD8EA27FE02E}.Debug|Any CPU.Build.0 = Debug|Any CPU
		{EA3E54DB-3418-47A6-B503-DD8EA27FE02E}.Release|Any CPU.ActiveCfg = Release|Any CPU
		{EA3E54DB-3418-47A6-B503-DD8EA27FE02E}.Release|Any CPU.Build.0 = Release|Any CPU
	EndGlobalSection
	GlobalSection(SolutionProperties) = preSolution
		HideSolutionNode = FALSE
	EndGlobalSection
	GlobalSection(NestedProjects) = preSolution
		{7935DA13-BF6E-4BC3-AEBF-42403ADAFA40} = {696DE2B5-40E1-4672-96DA-DDD1F26660D4}
		{2782E921-9CEA-4669-899F-100765A21E92} = {696DE2B5-40E1-4672-96DA-DDD1F26660D4}
		{920FA22C-7F80-4A21-9FFE-940CE3BAB56E} = {696DE2B5-40E1-4672-96DA-DDD1F26660D4}
		{F1996BBD-3371-46BF-89B1-544C5895A101} = {582AEE01-85DC-4D8E-8A58-EC1BCFAC2F75}
		{83B190C4-4DCF-403A-B2F1-A0A43001E7CC} = {696DE2B5-40E1-4672-96DA-DDD1F26660D4}
		{DAC1F9C9-E2E6-47E9-B23E-D810DD59EE4D} = {9B74C3C5-16D3-4DB9-9868-B7044DDDE3D8}
		{EA3E54DB-3418-47A6-B503-DD8EA27FE02E} = {2E8B78B6-AD6A-477C-90BB-5E974F4A945A}
	EndGlobalSection
	GlobalSection(ExtensibilityGlobals) = postSolution
		SolutionGuid = {47C6B020-09D3-4DF7-8460-95200C811308}
	EndGlobalSection
EndGlobal
