
Microsoft Visual Studio Solution File, Format Version 12.00
# Visual Studio Version 17
VisualStudioVersion = 17.11.35312.102
MinimumVisualStudioVersion = 10.0.40219.1
Project("{9A19103F-16F7-4668-BE54-9A1E7A4F7556}") = "DAL", "DAL\DAL.csproj", "{BB84A5E5-8ACD-4724-A364-D867BA5D630B}"
EndProject
Project("{9A19103F-16F7-4668-BE54-9A1E7A4F7556}") = "Domain", "Domain\Domain.csproj", "{495367AE-0D6B-45C2-8878-A792A9C26CF0}"
EndProject
Project("{2150E333-8FDC-42A3-9474-1A3956D46DE8}") = "IdentityService", "IdentityService", "{696DE2B5-40E1-4672-96DA-DDD1F26660D4}"
EndProject
Project("{2150E333-8FDC-42A3-9474-1A3956D46DE8}") = "OrderService", "OrderService", "{9B74C3C5-16D3-4DB9-9868-B7044DDDE3D8}"
EndProject
Project("{2150E333-8FDC-42A3-9474-1A3956D46DE8}") = "Shop_Product_Service", "Shop_Product_Service", "{2E8B78B6-AD6A-477C-90BB-5E974F4A945A}"
EndProject
Project("{2150E333-8FDC-42A3-9474-1A3956D46DE8}") = "APIGateway", "APIGateway", "{582AEE01-85DC-4D8E-8A58-EC1BCFAC2F75}"
EndProject
Project("{9A19103F-16F7-4668-BE54-9A1E7A4F7556}") = "IdentityService.API", "IdentityService.API\IdentityService.API.csproj", "{7935DA13-BF6E-4BC3-AEBF-42403ADAFA40}"
EndProject
Project("{9A19103F-16F7-4668-BE54-9A1E7A4F7556}") = "IdentityService.BLL", "IdentityService.BLL\IdentityService.BLL.csproj", "{2782E921-9CEA-4669-899F-100765A21E92}"
EndProject
Project("{9A19103F-16F7-4668-BE54-9A1E7A4F7556}") = "IdentityService.DAL", "IdentityService.DAL\IdentityService.DAL.csproj", "{920FA22C-7F80-4A21-9FFE-940CE3BAB56E}"
EndProject
Project("{9A19103F-16F7-4668-BE54-9A1E7A4F7556}") = "WebApi", "WebApi\WebApi.csproj", "{F1996BBD-3371-46BF-89B1-544C5895A101}"
EndProject
Project("{9A19103F-16F7-4668-BE54-9A1E7A4F7556}") = "OrderService.Api", "OrderService.Api\OrderService.Api.csproj", "{DAC1F9C9-E2E6-47E9-B23E-D810DD59EE4D}"
EndProject
Project("{9A19103F-16F7-4668-BE54-9A1E7A4F7556}") = "Test", "Test\Test.csproj", "{390F1FB7-7B6C-40B4-8288-B3212B29EA03}"
EndProject
Project("{9A19103F-16F7-4668-BE54-9A1E7A4F7556}") = "BLL", "BLL\BLL.csproj", "{DD6FD724-3F74-4AF5-9915-0C498ACF960C}"
EndProject
Project("{FAE04EC0-301F-11D3-BF4B-00C04F79EFBC}") = "API", "API\API.csproj", "{2D1FC842-0B69-4F2F-BDAC-7D545AE07DCB}"
EndProject
Project("{FAE04EC0-301F-11D3-BF4B-00C04F79EFBC}") = "FinalProjectTests", "FinalProjectTests\FinalProjectTests.csproj", "{CC25D49E-126D-4D2B-8EA0-6BE7C9BE8072}"
EndProject
Project("{2150E333-8FDC-42A3-9474-1A3956D46DE8}") = "ShopService", "ShopService", "{489ED704-F1A4-4BB9-90C5-C36446F4412E}"
EndProject
Project("{FAE04EC0-301F-11D3-BF4B-00C04F79EFBC}") = "Domain", "ProductService\ShopService\Domain\Domain.csproj", "{3EFE167A-8622-48D9-A4D3-499979B30488}"
EndProject
Project("{FAE04EC0-301F-11D3-BF4B-00C04F79EFBC}") = "DAL", "ProductService\ShopService\DAL\DAL.csproj", "{95178447-D25E-4B23-8C66-E6AB76501498}"
EndProject
Project("{FAE04EC0-301F-11D3-BF4B-00C04F79EFBC}") = "BLL", "ProductService\ShopService\BLL\BLL.csproj", "{E44447B2-2286-4034-A516-3D99400C697D}"
EndProject
Project("{FAE04EC0-301F-11D3-BF4B-00C04F79EFBC}") = "ShopAPI", "ProductService\ShopService\ShopAPI\ShopAPI.csproj", "{A187189D-F4B6-4659-9583-5BD16985C8A5}"
EndProject
Project("{FAE04EC0-301F-11D3-BF4B-00C04F79EFBC}") = "BLL", "ProductService\ProductService\BLL\BLL.csproj", "{5AE13205-A043-4E8F-AD43-9BAB309B69A8}"
EndProject
Project("{2150E333-8FDC-42A3-9474-1A3956D46DE8}") = "ProductService", "ProductService", "{2D446767-3B34-4DED-A646-C57A7E6726F6}"
EndProject
Project("{FAE04EC0-301F-11D3-BF4B-00C04F79EFBC}") = "DAL", "ProductService\ProductService\DAL\DAL.csproj", "{1FAF5411-3C39-4ABB-9991-7A49B81EA32A}"
EndProject
Project("{FAE04EC0-301F-11D3-BF4B-00C04F79EFBC}") = "Domain", "ProductService\ProductService\Domain\Domain.csproj", "{B27F1E57-A672-481E-BB27-CA8F6DB48527}"
EndProject
Project("{FAE04EC0-301F-11D3-BF4B-00C04F79EFBC}") = "ProductAPI", "ProductService\ProductService\ProductAPI\ProductAPI.csproj", "{1E39743F-2349-4BB8-B37A-63207F241CB5}"
EndProject
Project("{2150E333-8FDC-42A3-9474-1A3956D46DE8}") = "ClusterService", "ClusterService", "{7A8B6F49-165E-411B-8954-3E1AB57997B1}"
EndProject
Project("{FAE04EC0-301F-11D3-BF4B-00C04F79EFBC}") = "BLL", "ProductService\ClusterService\BLL\BLL.csproj", "{0B6BE19D-E75B-40B1-A817-6D5AF4FFD707}"
EndProject
Project("{FAE04EC0-301F-11D3-BF4B-00C04F79EFBC}") = "DAL", "ProductService\ClusterService\DAL\DAL.csproj", "{F2C4BDA6-57CB-4242-BFE3-AF337FD21F41}"
EndProject
Project("{FAE04EC0-301F-11D3-BF4B-00C04F79EFBC}") = "Domain", "ProductService\ClusterService\Domain\Domain.csproj", "{092B9A96-436C-4590-BEF0-1737EEA84774}"
EndProject
Project("{FAE04EC0-301F-11D3-BF4B-00C04F79EFBC}") = "ClusterAPI", "ClusterAPI\ClusterAPI.csproj", "{610EF49C-3B52-46B5-A265-CFA534867B2E}"
EndProject
Project("{FAE04EC0-301F-11D3-BF4B-00C04F79EFBC}") = "FavoriteAPI", "ProductService\FavoriteService\FavoriteAPI\FavoriteAPI.csproj", "{CE3CE40A-6C44-451E-A7F1-5CC28AC8A1E6}"
EndProject
Project("{2150E333-8FDC-42A3-9474-1A3956D46DE8}") = "FavoriteService", "FavoriteService", "{365967A5-FBA0-4E65-9292-4CABC1851816}"
EndProject
Project("{FAE04EC0-301F-11D3-BF4B-00C04F79EFBC}") = "BLL", "ProductService\FavoriteService\BLL\BLL.csproj", "{ABBD03F1-3F7C-4D95-A9ED-96A6872AB62F}"
EndProject
Project("{FAE04EC0-301F-11D3-BF4B-00C04F79EFBC}") = "DAL", "ProductService\FavoriteService\DAL\DAL.csproj", "{D85B778C-EBD0-4DA4-9DDC-402B07B4A558}"
EndProject
Project("{FAE04EC0-301F-11D3-BF4B-00C04F79EFBC}") = "Domain", "ProductService\FavoriteService\Domain\Domain.csproj", "{DF1CDBC0-9987-49CE-AC69-167C6202910F}"
EndProject
Project("{FAE04EC0-301F-11D3-BF4B-00C04F79EFBC}") = "CommentApi", "ProductService\CommentService\CommentApi\CommentApi.csproj", "{FA3A80AD-E02D-4D87-A3E4-B9ED184CAFBF}"
EndProject
Project("{2150E333-8FDC-42A3-9474-1A3956D46DE8}") = "CommentService", "CommentService", "{39D8B114-5FB5-4B68-85B7-9F8719276E5D}"
EndProject
Project("{FAE04EC0-301F-11D3-BF4B-00C04F79EFBC}") = "BLL", "ProductService\CommentService\BLL\BLL.csproj", "{1CF1EB6A-C17F-4DD1-8CC0-6402F57943A6}"
EndProject
Project("{FAE04EC0-301F-11D3-BF4B-00C04F79EFBC}") = "DAL", "ProductService\CommentService\DAL\DAL.csproj", "{51FA61BF-A125-49D6-9BE0-D71D3BC0180D}"
EndProject
Project("{FAE04EC0-301F-11D3-BF4B-00C04F79EFBC}") = "Domain", "ProductService\CommentService\Domain\Domain.csproj", "{97365969-56E3-4337-88F6-62766B913204}"
EndProject
Project("{FAE04EC0-301F-11D3-BF4B-00C04F79EFBC}") = "SupperBackEndDto", "ProductService\SupperDto\SupperBackEndDto\SupperBackEndDto.csproj", "{28D409E5-3512-4785-BAED-9779014C06F9}"
EndProject
Global
	GlobalSection(SolutionConfigurationPlatforms) = preSolution
		Debug|Any CPU = Debug|Any CPU
		Release|Any CPU = Release|Any CPU
	EndGlobalSection
	GlobalSection(ProjectConfigurationPlatforms) = postSolution
		{BB84A5E5-8ACD-4724-A364-D867BA5D630B}.Debug|Any CPU.ActiveCfg = Debug|Any CPU
		{BB84A5E5-8ACD-4724-A364-D867BA5D630B}.Debug|Any CPU.Build.0 = Debug|Any CPU
		{BB84A5E5-8ACD-4724-A364-D867BA5D630B}.Release|Any CPU.ActiveCfg = Release|Any CPU
		{BB84A5E5-8ACD-4724-A364-D867BA5D630B}.Release|Any CPU.Build.0 = Release|Any CPU
		{495367AE-0D6B-45C2-8878-A792A9C26CF0}.Debug|Any CPU.ActiveCfg = Debug|Any CPU
		{495367AE-0D6B-45C2-8878-A792A9C26CF0}.Debug|Any CPU.Build.0 = Debug|Any CPU
		{495367AE-0D6B-45C2-8878-A792A9C26CF0}.Release|Any CPU.ActiveCfg = Release|Any CPU
		{495367AE-0D6B-45C2-8878-A792A9C26CF0}.Release|Any CPU.Build.0 = Release|Any CPU
		{7935DA13-BF6E-4BC3-AEBF-42403ADAFA40}.Debug|Any CPU.ActiveCfg = Debug|Any CPU
		{7935DA13-BF6E-4BC3-AEBF-42403ADAFA40}.Debug|Any CPU.Build.0 = Debug|Any CPU
		{7935DA13-BF6E-4BC3-AEBF-42403ADAFA40}.Release|Any CPU.ActiveCfg = Release|Any CPU
		{7935DA13-BF6E-4BC3-AEBF-42403ADAFA40}.Release|Any CPU.Build.0 = Release|Any CPU
		{2782E921-9CEA-4669-899F-100765A21E92}.Debug|Any CPU.ActiveCfg = Debug|Any CPU
		{2782E921-9CEA-4669-899F-100765A21E92}.Debug|Any CPU.Build.0 = Debug|Any CPU
		{2782E921-9CEA-4669-899F-100765A21E92}.Release|Any CPU.ActiveCfg = Release|Any CPU
		{2782E921-9CEA-4669-899F-100765A21E92}.Release|Any CPU.Build.0 = Release|Any CPU
		{920FA22C-7F80-4A21-9FFE-940CE3BAB56E}.Debug|Any CPU.ActiveCfg = Debug|Any CPU
		{920FA22C-7F80-4A21-9FFE-940CE3BAB56E}.Debug|Any CPU.Build.0 = Debug|Any CPU
		{920FA22C-7F80-4A21-9FFE-940CE3BAB56E}.Release|Any CPU.ActiveCfg = Release|Any CPU
		{920FA22C-7F80-4A21-9FFE-940CE3BAB56E}.Release|Any CPU.Build.0 = Release|Any CPU
		{F1996BBD-3371-46BF-89B1-544C5895A101}.Debug|Any CPU.ActiveCfg = Debug|Any CPU
		{F1996BBD-3371-46BF-89B1-544C5895A101}.Debug|Any CPU.Build.0 = Debug|Any CPU
		{F1996BBD-3371-46BF-89B1-544C5895A101}.Release|Any CPU.ActiveCfg = Release|Any CPU
		{F1996BBD-3371-46BF-89B1-544C5895A101}.Release|Any CPU.Build.0 = Release|Any CPU
		{DAC1F9C9-E2E6-47E9-B23E-D810DD59EE4D}.Debug|Any CPU.ActiveCfg = Debug|Any CPU
		{DAC1F9C9-E2E6-47E9-B23E-D810DD59EE4D}.Debug|Any CPU.Build.0 = Debug|Any CPU
		{DAC1F9C9-E2E6-47E9-B23E-D810DD59EE4D}.Release|Any CPU.ActiveCfg = Release|Any CPU
		{DAC1F9C9-E2E6-47E9-B23E-D810DD59EE4D}.Release|Any CPU.Build.0 = Release|Any CPU
		{390F1FB7-7B6C-40B4-8288-B3212B29EA03}.Debug|Any CPU.ActiveCfg = Debug|Any CPU
		{390F1FB7-7B6C-40B4-8288-B3212B29EA03}.Debug|Any CPU.Build.0 = Debug|Any CPU
		{390F1FB7-7B6C-40B4-8288-B3212B29EA03}.Release|Any CPU.ActiveCfg = Release|Any CPU
		{390F1FB7-7B6C-40B4-8288-B3212B29EA03}.Release|Any CPU.Build.0 = Release|Any CPU
		{DD6FD724-3F74-4AF5-9915-0C498ACF960C}.Debug|Any CPU.ActiveCfg = Debug|Any CPU
		{DD6FD724-3F74-4AF5-9915-0C498ACF960C}.Debug|Any CPU.Build.0 = Debug|Any CPU
		{DD6FD724-3F74-4AF5-9915-0C498ACF960C}.Release|Any CPU.ActiveCfg = Release|Any CPU
		{DD6FD724-3F74-4AF5-9915-0C498ACF960C}.Release|Any CPU.Build.0 = Release|Any CPU
		{2D1FC842-0B69-4F2F-BDAC-7D545AE07DCB}.Debug|Any CPU.ActiveCfg = Debug|Any CPU
		{2D1FC842-0B69-4F2F-BDAC-7D545AE07DCB}.Debug|Any CPU.Build.0 = Debug|Any CPU
		{2D1FC842-0B69-4F2F-BDAC-7D545AE07DCB}.Release|Any CPU.ActiveCfg = Release|Any CPU
		{2D1FC842-0B69-4F2F-BDAC-7D545AE07DCB}.Release|Any CPU.Build.0 = Release|Any CPU
		{CC25D49E-126D-4D2B-8EA0-6BE7C9BE8072}.Debug|Any CPU.ActiveCfg = Debug|Any CPU
		{CC25D49E-126D-4D2B-8EA0-6BE7C9BE8072}.Debug|Any CPU.Build.0 = Debug|Any CPU
		{CC25D49E-126D-4D2B-8EA0-6BE7C9BE8072}.Release|Any CPU.ActiveCfg = Release|Any CPU
		{CC25D49E-126D-4D2B-8EA0-6BE7C9BE8072}.Release|Any CPU.Build.0 = Release|Any CPU
		{3EFE167A-8622-48D9-A4D3-499979B30488}.Debug|Any CPU.ActiveCfg = Debug|Any CPU
		{3EFE167A-8622-48D9-A4D3-499979B30488}.Debug|Any CPU.Build.0 = Debug|Any CPU
		{3EFE167A-8622-48D9-A4D3-499979B30488}.Release|Any CPU.ActiveCfg = Release|Any CPU
		{3EFE167A-8622-48D9-A4D3-499979B30488}.Release|Any CPU.Build.0 = Release|Any CPU
		{95178447-D25E-4B23-8C66-E6AB76501498}.Debug|Any CPU.ActiveCfg = Debug|Any CPU
		{95178447-D25E-4B23-8C66-E6AB76501498}.Debug|Any CPU.Build.0 = Debug|Any CPU
		{95178447-D25E-4B23-8C66-E6AB76501498}.Release|Any CPU.ActiveCfg = Release|Any CPU
		{95178447-D25E-4B23-8C66-E6AB76501498}.Release|Any CPU.Build.0 = Release|Any CPU
		{E44447B2-2286-4034-A516-3D99400C697D}.Debug|Any CPU.ActiveCfg = Debug|Any CPU
		{E44447B2-2286-4034-A516-3D99400C697D}.Debug|Any CPU.Build.0 = Debug|Any CPU
		{E44447B2-2286-4034-A516-3D99400C697D}.Release|Any CPU.ActiveCfg = Release|Any CPU
		{E44447B2-2286-4034-A516-3D99400C697D}.Release|Any CPU.Build.0 = Release|Any CPU
		{A187189D-F4B6-4659-9583-5BD16985C8A5}.Debug|Any CPU.ActiveCfg = Debug|Any CPU
		{A187189D-F4B6-4659-9583-5BD16985C8A5}.Debug|Any CPU.Build.0 = Debug|Any CPU
		{A187189D-F4B6-4659-9583-5BD16985C8A5}.Release|Any CPU.ActiveCfg = Release|Any CPU
		{A187189D-F4B6-4659-9583-5BD16985C8A5}.Release|Any CPU.Build.0 = Release|Any CPU
		{5AE13205-A043-4E8F-AD43-9BAB309B69A8}.Debug|Any CPU.ActiveCfg = Debug|Any CPU
		{5AE13205-A043-4E8F-AD43-9BAB309B69A8}.Debug|Any CPU.Build.0 = Debug|Any CPU
		{5AE13205-A043-4E8F-AD43-9BAB309B69A8}.Release|Any CPU.ActiveCfg = Release|Any CPU
		{5AE13205-A043-4E8F-AD43-9BAB309B69A8}.Release|Any CPU.Build.0 = Release|Any CPU
		{1FAF5411-3C39-4ABB-9991-7A49B81EA32A}.Debug|Any CPU.ActiveCfg = Debug|Any CPU
		{1FAF5411-3C39-4ABB-9991-7A49B81EA32A}.Debug|Any CPU.Build.0 = Debug|Any CPU
		{1FAF5411-3C39-4ABB-9991-7A49B81EA32A}.Release|Any CPU.ActiveCfg = Release|Any CPU
		{1FAF5411-3C39-4ABB-9991-7A49B81EA32A}.Release|Any CPU.Build.0 = Release|Any CPU
		{B27F1E57-A672-481E-BB27-CA8F6DB48527}.Debug|Any CPU.ActiveCfg = Debug|Any CPU
		{B27F1E57-A672-481E-BB27-CA8F6DB48527}.Debug|Any CPU.Build.0 = Debug|Any CPU
		{B27F1E57-A672-481E-BB27-CA8F6DB48527}.Release|Any CPU.ActiveCfg = Release|Any CPU
		{B27F1E57-A672-481E-BB27-CA8F6DB48527}.Release|Any CPU.Build.0 = Release|Any CPU
		{1E39743F-2349-4BB8-B37A-63207F241CB5}.Debug|Any CPU.ActiveCfg = Debug|Any CPU
		{1E39743F-2349-4BB8-B37A-63207F241CB5}.Debug|Any CPU.Build.0 = Debug|Any CPU
		{1E39743F-2349-4BB8-B37A-63207F241CB5}.Release|Any CPU.ActiveCfg = Release|Any CPU
		{1E39743F-2349-4BB8-B37A-63207F241CB5}.Release|Any CPU.Build.0 = Release|Any CPU
		{0B6BE19D-E75B-40B1-A817-6D5AF4FFD707}.Debug|Any CPU.ActiveCfg = Debug|Any CPU
		{0B6BE19D-E75B-40B1-A817-6D5AF4FFD707}.Debug|Any CPU.Build.0 = Debug|Any CPU
		{0B6BE19D-E75B-40B1-A817-6D5AF4FFD707}.Release|Any CPU.ActiveCfg = Release|Any CPU
		{0B6BE19D-E75B-40B1-A817-6D5AF4FFD707}.Release|Any CPU.Build.0 = Release|Any CPU
		{F2C4BDA6-57CB-4242-BFE3-AF337FD21F41}.Debug|Any CPU.ActiveCfg = Debug|Any CPU
		{F2C4BDA6-57CB-4242-BFE3-AF337FD21F41}.Debug|Any CPU.Build.0 = Debug|Any CPU
		{F2C4BDA6-57CB-4242-BFE3-AF337FD21F41}.Release|Any CPU.ActiveCfg = Release|Any CPU
		{F2C4BDA6-57CB-4242-BFE3-AF337FD21F41}.Release|Any CPU.Build.0 = Release|Any CPU
		{092B9A96-436C-4590-BEF0-1737EEA84774}.Debug|Any CPU.ActiveCfg = Debug|Any CPU
		{092B9A96-436C-4590-BEF0-1737EEA84774}.Debug|Any CPU.Build.0 = Debug|Any CPU
		{092B9A96-436C-4590-BEF0-1737EEA84774}.Release|Any CPU.ActiveCfg = Release|Any CPU
		{092B9A96-436C-4590-BEF0-1737EEA84774}.Release|Any CPU.Build.0 = Release|Any CPU
		{610EF49C-3B52-46B5-A265-CFA534867B2E}.Debug|Any CPU.ActiveCfg = Debug|Any CPU
		{610EF49C-3B52-46B5-A265-CFA534867B2E}.Debug|Any CPU.Build.0 = Debug|Any CPU
		{610EF49C-3B52-46B5-A265-CFA534867B2E}.Release|Any CPU.ActiveCfg = Release|Any CPU
		{610EF49C-3B52-46B5-A265-CFA534867B2E}.Release|Any CPU.Build.0 = Release|Any CPU
		{CE3CE40A-6C44-451E-A7F1-5CC28AC8A1E6}.Debug|Any CPU.ActiveCfg = Debug|Any CPU
		{CE3CE40A-6C44-451E-A7F1-5CC28AC8A1E6}.Debug|Any CPU.Build.0 = Debug|Any CPU
		{CE3CE40A-6C44-451E-A7F1-5CC28AC8A1E6}.Release|Any CPU.ActiveCfg = Release|Any CPU
		{CE3CE40A-6C44-451E-A7F1-5CC28AC8A1E6}.Release|Any CPU.Build.0 = Release|Any CPU
		{ABBD03F1-3F7C-4D95-A9ED-96A6872AB62F}.Debug|Any CPU.ActiveCfg = Debug|Any CPU
		{ABBD03F1-3F7C-4D95-A9ED-96A6872AB62F}.Debug|Any CPU.Build.0 = Debug|Any CPU
		{ABBD03F1-3F7C-4D95-A9ED-96A6872AB62F}.Release|Any CPU.ActiveCfg = Release|Any CPU
		{ABBD03F1-3F7C-4D95-A9ED-96A6872AB62F}.Release|Any CPU.Build.0 = Release|Any CPU
		{D85B778C-EBD0-4DA4-9DDC-402B07B4A558}.Debug|Any CPU.ActiveCfg = Debug|Any CPU
		{D85B778C-EBD0-4DA4-9DDC-402B07B4A558}.Debug|Any CPU.Build.0 = Debug|Any CPU
		{D85B778C-EBD0-4DA4-9DDC-402B07B4A558}.Release|Any CPU.ActiveCfg = Release|Any CPU
		{D85B778C-EBD0-4DA4-9DDC-402B07B4A558}.Release|Any CPU.Build.0 = Release|Any CPU
		{DF1CDBC0-9987-49CE-AC69-167C6202910F}.Debug|Any CPU.ActiveCfg = Debug|Any CPU
		{DF1CDBC0-9987-49CE-AC69-167C6202910F}.Debug|Any CPU.Build.0 = Debug|Any CPU
		{DF1CDBC0-9987-49CE-AC69-167C6202910F}.Release|Any CPU.ActiveCfg = Release|Any CPU
		{DF1CDBC0-9987-49CE-AC69-167C6202910F}.Release|Any CPU.Build.0 = Release|Any CPU
		{FA3A80AD-E02D-4D87-A3E4-B9ED184CAFBF}.Debug|Any CPU.ActiveCfg = Debug|Any CPU
		{FA3A80AD-E02D-4D87-A3E4-B9ED184CAFBF}.Debug|Any CPU.Build.0 = Debug|Any CPU
		{FA3A80AD-E02D-4D87-A3E4-B9ED184CAFBF}.Release|Any CPU.ActiveCfg = Release|Any CPU
		{FA3A80AD-E02D-4D87-A3E4-B9ED184CAFBF}.Release|Any CPU.Build.0 = Release|Any CPU
		{1CF1EB6A-C17F-4DD1-8CC0-6402F57943A6}.Debug|Any CPU.ActiveCfg = Debug|Any CPU
		{1CF1EB6A-C17F-4DD1-8CC0-6402F57943A6}.Debug|Any CPU.Build.0 = Debug|Any CPU
		{1CF1EB6A-C17F-4DD1-8CC0-6402F57943A6}.Release|Any CPU.ActiveCfg = Release|Any CPU
		{1CF1EB6A-C17F-4DD1-8CC0-6402F57943A6}.Release|Any CPU.Build.0 = Release|Any CPU
		{51FA61BF-A125-49D6-9BE0-D71D3BC0180D}.Debug|Any CPU.ActiveCfg = Debug|Any CPU
		{51FA61BF-A125-49D6-9BE0-D71D3BC0180D}.Debug|Any CPU.Build.0 = Debug|Any CPU
		{51FA61BF-A125-49D6-9BE0-D71D3BC0180D}.Release|Any CPU.ActiveCfg = Release|Any CPU
		{51FA61BF-A125-49D6-9BE0-D71D3BC0180D}.Release|Any CPU.Build.0 = Release|Any CPU
		{97365969-56E3-4337-88F6-62766B913204}.Debug|Any CPU.ActiveCfg = Debug|Any CPU
		{97365969-56E3-4337-88F6-62766B913204}.Debug|Any CPU.Build.0 = Debug|Any CPU
		{97365969-56E3-4337-88F6-62766B913204}.Release|Any CPU.ActiveCfg = Release|Any CPU
		{97365969-56E3-4337-88F6-62766B913204}.Release|Any CPU.Build.0 = Release|Any CPU
		{28D409E5-3512-4785-BAED-9779014C06F9}.Debug|Any CPU.ActiveCfg = Debug|Any CPU
		{28D409E5-3512-4785-BAED-9779014C06F9}.Debug|Any CPU.Build.0 = Debug|Any CPU
		{28D409E5-3512-4785-BAED-9779014C06F9}.Release|Any CPU.ActiveCfg = Release|Any CPU
		{28D409E5-3512-4785-BAED-9779014C06F9}.Release|Any CPU.Build.0 = Release|Any CPU
	EndGlobalSection
	GlobalSection(SolutionProperties) = preSolution
		HideSolutionNode = FALSE
	EndGlobalSection
	GlobalSection(NestedProjects) = preSolution
		{7935DA13-BF6E-4BC3-AEBF-42403ADAFA40} = {696DE2B5-40E1-4672-96DA-DDD1F26660D4}
		{2782E921-9CEA-4669-899F-100765A21E92} = {696DE2B5-40E1-4672-96DA-DDD1F26660D4}
		{920FA22C-7F80-4A21-9FFE-940CE3BAB56E} = {696DE2B5-40E1-4672-96DA-DDD1F26660D4}
		{F1996BBD-3371-46BF-89B1-544C5895A101} = {582AEE01-85DC-4D8E-8A58-EC1BCFAC2F75}
		{DAC1F9C9-E2E6-47E9-B23E-D810DD59EE4D} = {9B74C3C5-16D3-4DB9-9868-B7044DDDE3D8}
		{489ED704-F1A4-4BB9-90C5-C36446F4412E} = {2E8B78B6-AD6A-477C-90BB-5E974F4A945A}
		{3EFE167A-8622-48D9-A4D3-499979B30488} = {489ED704-F1A4-4BB9-90C5-C36446F4412E}
		{95178447-D25E-4B23-8C66-E6AB76501498} = {489ED704-F1A4-4BB9-90C5-C36446F4412E}
		{E44447B2-2286-4034-A516-3D99400C697D} = {489ED704-F1A4-4BB9-90C5-C36446F4412E}
		{A187189D-F4B6-4659-9583-5BD16985C8A5} = {489ED704-F1A4-4BB9-90C5-C36446F4412E}
		{5AE13205-A043-4E8F-AD43-9BAB309B69A8} = {2D446767-3B34-4DED-A646-C57A7E6726F6}
		{2D446767-3B34-4DED-A646-C57A7E6726F6} = {2E8B78B6-AD6A-477C-90BB-5E974F4A945A}
		{1FAF5411-3C39-4ABB-9991-7A49B81EA32A} = {2D446767-3B34-4DED-A646-C57A7E6726F6}
		{B27F1E57-A672-481E-BB27-CA8F6DB48527} = {2D446767-3B34-4DED-A646-C57A7E6726F6}
		{1E39743F-2349-4BB8-B37A-63207F241CB5} = {2D446767-3B34-4DED-A646-C57A7E6726F6}
		{7A8B6F49-165E-411B-8954-3E1AB57997B1} = {2E8B78B6-AD6A-477C-90BB-5E974F4A945A}
		{0B6BE19D-E75B-40B1-A817-6D5AF4FFD707} = {7A8B6F49-165E-411B-8954-3E1AB57997B1}
		{F2C4BDA6-57CB-4242-BFE3-AF337FD21F41} = {7A8B6F49-165E-411B-8954-3E1AB57997B1}
		{092B9A96-436C-4590-BEF0-1737EEA84774} = {7A8B6F49-165E-411B-8954-3E1AB57997B1}
		{610EF49C-3B52-46B5-A265-CFA534867B2E} = {7A8B6F49-165E-411B-8954-3E1AB57997B1}
		{CE3CE40A-6C44-451E-A7F1-5CC28AC8A1E6} = {365967A5-FBA0-4E65-9292-4CABC1851816}
		{365967A5-FBA0-4E65-9292-4CABC1851816} = {2E8B78B6-AD6A-477C-90BB-5E974F4A945A}
		{ABBD03F1-3F7C-4D95-A9ED-96A6872AB62F} = {365967A5-FBA0-4E65-9292-4CABC1851816}
		{D85B778C-EBD0-4DA4-9DDC-402B07B4A558} = {365967A5-FBA0-4E65-9292-4CABC1851816}
		{DF1CDBC0-9987-49CE-AC69-167C6202910F} = {365967A5-FBA0-4E65-9292-4CABC1851816}
		{FA3A80AD-E02D-4D87-A3E4-B9ED184CAFBF} = {39D8B114-5FB5-4B68-85B7-9F8719276E5D}
		{39D8B114-5FB5-4B68-85B7-9F8719276E5D} = {2E8B78B6-AD6A-477C-90BB-5E974F4A945A}
		{1CF1EB6A-C17F-4DD1-8CC0-6402F57943A6} = {39D8B114-5FB5-4B68-85B7-9F8719276E5D}
		{51FA61BF-A125-49D6-9BE0-D71D3BC0180D} = {39D8B114-5FB5-4B68-85B7-9F8719276E5D}
		{97365969-56E3-4337-88F6-62766B913204} = {39D8B114-5FB5-4B68-85B7-9F8719276E5D}
		{28D409E5-3512-4785-BAED-9779014C06F9} = {2E8B78B6-AD6A-477C-90BB-5E974F4A945A}
	EndGlobalSection
	GlobalSection(ExtensibilityGlobals) = postSolution
		SolutionGuid = {47C6B020-09D3-4DF7-8460-95200C811308}
	EndGlobalSection
EndGlobal
