
Microsoft Visual Studio Solution File, Format Version 12.00
# Visual Studio Version 17
VisualStudioVersion = 17.11.35312.102
MinimumVisualStudioVersion = 10.0.40219.1
Project("{9A19103F-16F7-4668-BE54-9A1E7A4F7556}") = "Platform.DAL", "DAL\Platform.DAL.csproj", "{BB84A5E5-8ACD-4724-A364-D867BA5D630B}"
EndProject
Project("{9A19103F-16F7-4668-BE54-9A1E7A4F7556}") = "Rabbit.Platform", "Domain\Rabbit.Platform.csproj", "{495367AE-0D6B-45C2-8878-A792A9C26CF0}"
EndProject
Project("{2150E333-8FDC-42A3-9474-1A3956D46DE8}") = "IdentityService", "IdentityService", "{696DE2B5-40E1-4672-96DA-DDD1F26660D4}"
EndProject
Project("{2150E333-8FDC-42A3-9474-1A3956D46DE8}") = "Shop_Product_Services", "Shop_Product_Services", "{2E8B78B6-AD6A-477C-90BB-5E974F4A945A}"
EndProject
Project("{2150E333-8FDC-42A3-9474-1A3956D46DE8}") = "APIGateway", "APIGateway", "{582AEE01-85DC-4D8E-8A58-EC1BCFAC2F75}"
EndProject
Project("{9A19103F-16F7-4668-BE54-9A1E7A4F7556}") = "IdentityService.API", "IdentityService.API\IdentityService.API.csproj", "{7935DA13-BF6E-4BC3-AEBF-42403ADAFA40}"
EndProject
Project("{9A19103F-16F7-4668-BE54-9A1E7A4F7556}") = "IdentityService.BLL", "IdentityService.BLL\IdentityService.BLL.csproj", "{2782E921-9CEA-4669-899F-100765A21E92}"
EndProject
Project("{9A19103F-16F7-4668-BE54-9A1E7A4F7556}") = "IdentityService.DAL", "IdentityService.DAL\IdentityService.DAL.csproj", "{920FA22C-7F80-4A21-9FFE-940CE3BAB56E}"
EndProject
Project("{FAE04EC0-301F-11D3-BF4B-00C04F79EFBC}") = "FinalProjectTests", "FinalProjectTests\FinalProjectTests.csproj", "{CC25D49E-126D-4D2B-8EA0-6BE7C9BE8072}"
EndProject
Project("{2150E333-8FDC-42A3-9474-1A3956D46DE8}") = "ShopService", "ShopService", "{489ED704-F1A4-4BB9-90C5-C36446F4412E}"
EndProject
Project("{9A19103F-16F7-4668-BE54-9A1E7A4F7556}") = "ShopService.Domain", "ProductService\ShopService\Domain\ShopService.Domain.csproj", "{3EFE167A-8622-48D9-A4D3-499979B30488}"
EndProject
Project("{9A19103F-16F7-4668-BE54-9A1E7A4F7556}") = "ShopService.DAL", "ProductService\ShopService\DAL\ShopService.DAL.csproj", "{95178447-D25E-4B23-8C66-E6AB76501498}"
EndProject
Project("{9A19103F-16F7-4668-BE54-9A1E7A4F7556}") = "ShopService.BLL", "ProductService\ShopService\BLL\ShopService.BLL.csproj", "{E44447B2-2286-4034-A516-3D99400C697D}"
EndProject
Project("{9A19103F-16F7-4668-BE54-9A1E7A4F7556}") = "ShopAPI", "ProductService\ShopService\ShopAPI\ShopAPI.csproj", "{A187189D-F4B6-4659-9583-5BD16985C8A5}"
EndProject
Project("{9A19103F-16F7-4668-BE54-9A1E7A4F7556}") = "ProductService.BLL", "ProductService\ProductService\BLL\ProductService.BLL.csproj", "{5AE13205-A043-4E8F-AD43-9BAB309B69A8}"
EndProject
Project("{2150E333-8FDC-42A3-9474-1A3956D46DE8}") = "ProductService", "ProductService", "{2D446767-3B34-4DED-A646-C57A7E6726F6}"
EndProject
Project("{9A19103F-16F7-4668-BE54-9A1E7A4F7556}") = "ProductService.DAL", "ProductService\ProductService\DAL\ProductService.DAL.csproj", "{1FAF5411-3C39-4ABB-9991-7A49B81EA32A}"
EndProject
Project("{9A19103F-16F7-4668-BE54-9A1E7A4F7556}") = "ProductService.Domain", "ProductService\ProductService\Domain\ProductService.Domain.csproj", "{B27F1E57-A672-481E-BB27-CA8F6DB48527}"
EndProject
Project("{9A19103F-16F7-4668-BE54-9A1E7A4F7556}") = "ProductAPI", "ProductService\ProductService\ProductAPI\ProductAPI.csproj", "{1E39743F-2349-4BB8-B37A-63207F241CB5}"
EndProject
Project("{2150E333-8FDC-42A3-9474-1A3956D46DE8}") = "ClusterService", "ClusterService", "{7A8B6F49-165E-411B-8954-3E1AB57997B1}"
EndProject
Project("{9A19103F-16F7-4668-BE54-9A1E7A4F7556}") = "ClusterService.BLL", "ProductService\ClusterService\BLL\ClusterService.BLL.csproj", "{0B6BE19D-E75B-40B1-A817-6D5AF4FFD707}"
EndProject
Project("{9A19103F-16F7-4668-BE54-9A1E7A4F7556}") = "ClusterService.DAL", "ProductService\ClusterService\DAL\ClusterService.DAL.csproj", "{F2C4BDA6-57CB-4242-BFE3-AF337FD21F41}"
EndProject
Project("{9A19103F-16F7-4668-BE54-9A1E7A4F7556}") = "ClusterService.Domain", "ProductService\ClusterService\Domain\ClusterService.Domain.csproj", "{092B9A96-436C-4590-BEF0-1737EEA84774}"
EndProject
Project("{9A19103F-16F7-4668-BE54-9A1E7A4F7556}") = "ClusterAPI", "ClusterAPI\ClusterAPI.csproj", "{610EF49C-3B52-46B5-A265-CFA534867B2E}"
EndProject
Project("{9A19103F-16F7-4668-BE54-9A1E7A4F7556}") = "FavoriteAPI", "ProductService\FavoriteService\FavoriteAPI\FavoriteAPI.csproj", "{CE3CE40A-6C44-451E-A7F1-5CC28AC8A1E6}"
EndProject
Project("{2150E333-8FDC-42A3-9474-1A3956D46DE8}") = "FavoriteService", "FavoriteService", "{365967A5-FBA0-4E65-9292-4CABC1851816}"
EndProject
Project("{9A19103F-16F7-4668-BE54-9A1E7A4F7556}") = "FavoriteService.BLL", "ProductService\FavoriteService\BLL\FavoriteService.BLL.csproj", "{ABBD03F1-3F7C-4D95-A9ED-96A6872AB62F}"
EndProject
Project("{9A19103F-16F7-4668-BE54-9A1E7A4F7556}") = "FavoriteService.DAL", "ProductService\FavoriteService\DAL\FavoriteService.DAL.csproj", "{D85B778C-EBD0-4DA4-9DDC-402B07B4A558}"
EndProject
Project("{9A19103F-16F7-4668-BE54-9A1E7A4F7556}") = "FavoriteService.Domain", "ProductService\FavoriteService\Domain\FavoriteService.Domain.csproj", "{DF1CDBC0-9987-49CE-AC69-167C6202910F}"
EndProject
Project("{9A19103F-16F7-4668-BE54-9A1E7A4F7556}") = "CommentApi", "ProductService\CommentService\CommentApi\CommentApi.csproj", "{FA3A80AD-E02D-4D87-A3E4-B9ED184CAFBF}"
EndProject
Project("{2150E333-8FDC-42A3-9474-1A3956D46DE8}") = "CommentService", "CommentService", "{39D8B114-5FB5-4B68-85B7-9F8719276E5D}"
EndProject
Project("{9A19103F-16F7-4668-BE54-9A1E7A4F7556}") = "CommentService.BLL", "ProductService\CommentService\BLL\CommentService.BLL.csproj", "{1CF1EB6A-C17F-4DD1-8CC0-6402F57943A6}"
EndProject
Project("{9A19103F-16F7-4668-BE54-9A1E7A4F7556}") = "CommentServce.DAL", "ProductService\CommentService\DAL\CommentServce.DAL.csproj", "{51FA61BF-A125-49D6-9BE0-D71D3BC0180D}"
EndProject
Project("{9A19103F-16F7-4668-BE54-9A1E7A4F7556}") = "CommentService.Domain", "ProductService\CommentService\Domain\CommentService.Domain.csproj", "{97365969-56E3-4337-88F6-62766B913204}"
EndProject
Project("{9A19103F-16F7-4668-BE54-9A1E7A4F7556}") = "SupperBackEnd.Dto", "ProductService\SupperDto\SupperBackEndDto\SupperBackEnd.Dto.csproj", "{28D409E5-3512-4785-BAED-9779014C06F9}"
EndProject
Project("{9A19103F-16F7-4668-BE54-9A1E7A4F7556}") = "Client.Console", "ClientsConsole\ClientConsole\Client.Console.csproj", "{93580A89-F24D-4850-A77B-F364722B6BE0}"
EndProject
Project("{2150E333-8FDC-42A3-9474-1A3956D46DE8}") = "Client", "Client", "{7656E577-291E-4EC5-BD43-D60E2C6E7931}"
EndProject
Project("{9A19103F-16F7-4668-BE54-9A1E7A4F7556}") = "Client.Models", "ClientsConsole\Models\Models\Client.Models.csproj", "{7D2DE4DA-C160-4A33-BF25-A210369D7839}"
EndProject
Project("{E53339B2-1760-4266-BCC7-CA923CBCF16C}") = "docker-compose", "docker-compose.dcproj", "{EEE47D4F-26BD-43CC-A1D6-99F2E9C5B51B}"
EndProject
Project("{2150E333-8FDC-42A3-9474-1A3956D46DE8}") = "Cart_Order_Service", "Cart_Order_Service", "{463BAC36-4B2E-4DB0-B70D-85ED062E4857}"
EndProject
Project("{2150E333-8FDC-42A3-9474-1A3956D46DE8}") = "OrderService", "OrderService", "{E49652B3-6BF9-454C-B657-0C55FBB32D7F}"
EndProject
Project("{9A19103F-16F7-4668-BE54-9A1E7A4F7556}") = "OrderService.BLL", "Cart_Order_Service\OrderService\OrderService.BLL\OrderService.BLL.csproj", "{00C05166-40BF-4427-91E5-5D4CE7F5EACA}"
EndProject
Project("{9A19103F-16F7-4668-BE54-9A1E7A4F7556}") = "OrderService.Domain", "Cart_Order_Service\OrderService\OrderService.Domain\OrderService.Domain.csproj", "{6BB9CB34-8C57-4C33-8642-7D1FDE8EF58D}"
EndProject
Project("{2150E333-8FDC-42A3-9474-1A3956D46DE8}") = "CartService", "CartService", "{7D208FF3-4BF7-4A35-9754-BD45EC9FAB92}"
EndProject
Project("{9A19103F-16F7-4668-BE54-9A1E7A4F7556}") = "OrderApi", "Cart_Order_Service\OrderService\OrderApi\OrderApi.csproj", "{7119401A-AD1A-429B-8C2F-19384D00641E}"
EndProject
Project("{9A19103F-16F7-4668-BE54-9A1E7A4F7556}") = "CartService.Domain", "Cart_Order_Service\CartService\CartService.Domain\CartService.Domain.csproj", "{CE4DC73B-952D-44C9-9DA4-A2DA30503F5C}"
EndProject
Project("{9A19103F-16F7-4668-BE54-9A1E7A4F7556}") = "CartService.DAL", "Cart_Order_Service\CartService\CartService.DAL\CartService.DAL.csproj", "{A0965E64-7A46-455E-B610-4C0FDA4BF246}"
EndProject
Project("{9A19103F-16F7-4668-BE54-9A1E7A4F7556}") = "CartService.BLL", "Cart_Order_Service\CartService\CartService.BLL\CartService.BLL.csproj", "{9B3680C6-EEBE-4EB8-844A-35420B10BBCF}"
EndProject
Project("{2150E333-8FDC-42A3-9474-1A3956D46DE8}") = "Элементы решения", "Элементы решения", "{43B26D1C-6D55-4F06-93A0-3A6078ABECB0}"
EndProject
Project("{FAE04EC0-301F-11D3-BF4B-00C04F79EFBC}") = "Ocleot_https", "OcelotWebApiGr\Ocleot_https\Ocleot_https.csproj", "{FF0A3040-E68D-43DC-8F7D-A0FAC788828D}"
EndProject
Project("{9A19103F-16F7-4668-BE54-9A1E7A4F7556}") = "OrderService.DAL", "Cart_Order_Service\OrderService\OrderService.DAL\OrderService.DAL.csproj", "{17FF9785-79D8-4AC7-9D85-4207D6D379EC}"
EndProject
Project("{9A19103F-16F7-4668-BE54-9A1E7A4F7556}") = "SupperBackEnd.Dto", "SupperBackEnd.Dto\SupperBackEnd.Dto.csproj", "{916FD3A0-F121-4232-B3AF-C918319024A7}"
EndProject
Project("{9A19103F-16F7-4668-BE54-9A1E7A4F7556}") = "CartApi", "Cart_Order_Service\CartService\CartApi\CartApi.csproj", "{9C73A536-9A6D-4F4A-B5B5-2A10D503CBF1}"
EndProject
Project("{2150E333-8FDC-42A3-9474-1A3956D46DE8}") = "DockerComposeYml", "DockerComposeYml", "{4A9536E8-E1D5-4EDD-8836-C30094222162}"
EndProject
Project("{2150E333-8FDC-42A3-9474-1A3956D46DE8}") = "YmlVera", "YmlVera", "{AC3F6EFE-DD3A-4D90-B5D6-BB020343D299}"
	ProjectSection(SolutionItems) = preProject
		DockerComposeYml\YmlVera\docker-compose.yml = DockerComposeYml\YmlVera\docker-compose.yml
	EndProjectSection
EndProject
Project("{2150E333-8FDC-42A3-9474-1A3956D46DE8}") = "YmlIlya", "YmlIlya", "{DB207576-A499-4490-8974-20E03D0FDE9B}"
	ProjectSection(SolutionItems) = preProject
		DockerComposeYml\YmlIlya\docker-compose.yml = DockerComposeYml\YmlIlya\docker-compose.yml
	EndProjectSection
EndProject
Project("{2150E333-8FDC-42A3-9474-1A3956D46DE8}") = "Auth_Owner_Service", "Auth_Owner_Service", "{CC1A6DD2-A51E-472C-B30C-344455EDB8D7}"
EndProject
Project("{2150E333-8FDC-42A3-9474-1A3956D46DE8}") = "AuthService", "AuthService", "{5DA15358-CAC4-455D-9D65-8131A9909AD6}"
EndProject
Project("{2150E333-8FDC-42A3-9474-1A3956D46DE8}") = "OwnerService", "OwnerService", "{A04F3FCC-983F-4926-894D-9293C2D6D025}"
EndProject
Project("{FAE04EC0-301F-11D3-BF4B-00C04F79EFBC}") = "AuthService.Domain", "AuthService\AuthService.Domain\AuthService.Domain.csproj", "{2A7122FF-ED4A-4150-9396-F201591DD114}"
EndProject
Project("{FAE04EC0-301F-11D3-BF4B-00C04F79EFBC}") = "ManagersShopsService.Domain", "OwnerService\OwnerService\ManagersShopsService.Domain.csproj", "{B1832265-36D3-456E-ABBE-8D64F9F990EC}"
EndProject
Project("{FAE04EC0-301F-11D3-BF4B-00C04F79EFBC}") = "AuthService.DAL", "AuthService\AuthService.DAL\AuthService.DAL.csproj", "{D40BA5D0-E565-44EC-A8EE-CA05E01DC6D5}"
EndProject
Project("{FAE04EC0-301F-11D3-BF4B-00C04F79EFBC}") = "AuthService.BLL", "AuthService\AuthService.BLL\AuthService.BLL.csproj", "{FE66DF59-43F2-45AA-9B30-559BE1181027}"
EndProject
Project("{FAE04EC0-301F-11D3-BF4B-00C04F79EFBC}") = "AuthApi", "AuthService\AuthApi\AuthApi.csproj", "{BC416770-A896-47D8-96F5-C3CC4DDBE30F}"
EndProject
Project("{FAE04EC0-301F-11D3-BF4B-00C04F79EFBC}") = "ManagersShopsApi", "OwnerService\ManagersShopsApi\ManagersShopsApi.csproj", "{74259DA4-08B0-4F54-9B09-2FFAED7C840A}"
EndProject
Project("{FAE04EC0-301F-11D3-BF4B-00C04F79EFBC}") = "ManagersShopsService.BLL", "OwnerService\ManagersShopsService.BLL\ManagersShopsService.BLL.csproj", "{B7F96550-C181-4F1D-BA52-63230AEA4D0A}"
EndProject
Project("{FAE04EC0-301F-11D3-BF4B-00C04F79EFBC}") = "ManagersShopsService.DAL", "OwnerService\ManagersShopsService.DAL\ManagersShopsService.DAL.csproj", "{0963D652-18D9-49CC-9F46-04D2EF35FA03}"
EndProject
Global
	GlobalSection(SolutionConfigurationPlatforms) = preSolution
		Debug|Any CPU = Debug|Any CPU
		Release|Any CPU = Release|Any CPU
	EndGlobalSection
	GlobalSection(ProjectConfigurationPlatforms) = postSolution
		{BB84A5E5-8ACD-4724-A364-D867BA5D630B}.Debug|Any CPU.ActiveCfg = Debug|Any CPU
		{BB84A5E5-8ACD-4724-A364-D867BA5D630B}.Debug|Any CPU.Build.0 = Debug|Any CPU
		{BB84A5E5-8ACD-4724-A364-D867BA5D630B}.Release|Any CPU.ActiveCfg = Release|Any CPU
		{BB84A5E5-8ACD-4724-A364-D867BA5D630B}.Release|Any CPU.Build.0 = Release|Any CPU
		{495367AE-0D6B-45C2-8878-A792A9C26CF0}.Debug|Any CPU.ActiveCfg = Debug|Any CPU
		{495367AE-0D6B-45C2-8878-A792A9C26CF0}.Debug|Any CPU.Build.0 = Debug|Any CPU
		{495367AE-0D6B-45C2-8878-A792A9C26CF0}.Release|Any CPU.ActiveCfg = Release|Any CPU
		{495367AE-0D6B-45C2-8878-A792A9C26CF0}.Release|Any CPU.Build.0 = Release|Any CPU
		{7935DA13-BF6E-4BC3-AEBF-42403ADAFA40}.Debug|Any CPU.ActiveCfg = Debug|Any CPU
		{7935DA13-BF6E-4BC3-AEBF-42403ADAFA40}.Debug|Any CPU.Build.0 = Debug|Any CPU
		{7935DA13-BF6E-4BC3-AEBF-42403ADAFA40}.Release|Any CPU.ActiveCfg = Release|Any CPU
		{7935DA13-BF6E-4BC3-AEBF-42403ADAFA40}.Release|Any CPU.Build.0 = Release|Any CPU
		{2782E921-9CEA-4669-899F-100765A21E92}.Debug|Any CPU.ActiveCfg = Debug|Any CPU
		{2782E921-9CEA-4669-899F-100765A21E92}.Debug|Any CPU.Build.0 = Debug|Any CPU
		{2782E921-9CEA-4669-899F-100765A21E92}.Release|Any CPU.ActiveCfg = Release|Any CPU
		{2782E921-9CEA-4669-899F-100765A21E92}.Release|Any CPU.Build.0 = Release|Any CPU
		{920FA22C-7F80-4A21-9FFE-940CE3BAB56E}.Debug|Any CPU.ActiveCfg = Debug|Any CPU
		{920FA22C-7F80-4A21-9FFE-940CE3BAB56E}.Debug|Any CPU.Build.0 = Debug|Any CPU
		{920FA22C-7F80-4A21-9FFE-940CE3BAB56E}.Release|Any CPU.ActiveCfg = Release|Any CPU
		{920FA22C-7F80-4A21-9FFE-940CE3BAB56E}.Release|Any CPU.Build.0 = Release|Any CPU
		{CC25D49E-126D-4D2B-8EA0-6BE7C9BE8072}.Debug|Any CPU.ActiveCfg = Debug|Any CPU
		{CC25D49E-126D-4D2B-8EA0-6BE7C9BE8072}.Debug|Any CPU.Build.0 = Debug|Any CPU
		{CC25D49E-126D-4D2B-8EA0-6BE7C9BE8072}.Release|Any CPU.ActiveCfg = Release|Any CPU
		{CC25D49E-126D-4D2B-8EA0-6BE7C9BE8072}.Release|Any CPU.Build.0 = Release|Any CPU
		{3EFE167A-8622-48D9-A4D3-499979B30488}.Debug|Any CPU.ActiveCfg = Debug|Any CPU
		{3EFE167A-8622-48D9-A4D3-499979B30488}.Debug|Any CPU.Build.0 = Debug|Any CPU
		{3EFE167A-8622-48D9-A4D3-499979B30488}.Release|Any CPU.ActiveCfg = Release|Any CPU
		{3EFE167A-8622-48D9-A4D3-499979B30488}.Release|Any CPU.Build.0 = Release|Any CPU
		{95178447-D25E-4B23-8C66-E6AB76501498}.Debug|Any CPU.ActiveCfg = Debug|Any CPU
		{95178447-D25E-4B23-8C66-E6AB76501498}.Debug|Any CPU.Build.0 = Debug|Any CPU
		{95178447-D25E-4B23-8C66-E6AB76501498}.Release|Any CPU.ActiveCfg = Release|Any CPU
		{95178447-D25E-4B23-8C66-E6AB76501498}.Release|Any CPU.Build.0 = Release|Any CPU
		{E44447B2-2286-4034-A516-3D99400C697D}.Debug|Any CPU.ActiveCfg = Debug|Any CPU
		{E44447B2-2286-4034-A516-3D99400C697D}.Debug|Any CPU.Build.0 = Debug|Any CPU
		{E44447B2-2286-4034-A516-3D99400C697D}.Release|Any CPU.ActiveCfg = Release|Any CPU
		{E44447B2-2286-4034-A516-3D99400C697D}.Release|Any CPU.Build.0 = Release|Any CPU
		{A187189D-F4B6-4659-9583-5BD16985C8A5}.Debug|Any CPU.ActiveCfg = Debug|Any CPU
		{A187189D-F4B6-4659-9583-5BD16985C8A5}.Debug|Any CPU.Build.0 = Debug|Any CPU
		{A187189D-F4B6-4659-9583-5BD16985C8A5}.Release|Any CPU.ActiveCfg = Release|Any CPU
		{A187189D-F4B6-4659-9583-5BD16985C8A5}.Release|Any CPU.Build.0 = Release|Any CPU
		{5AE13205-A043-4E8F-AD43-9BAB309B69A8}.Debug|Any CPU.ActiveCfg = Debug|Any CPU
		{5AE13205-A043-4E8F-AD43-9BAB309B69A8}.Debug|Any CPU.Build.0 = Debug|Any CPU
		{5AE13205-A043-4E8F-AD43-9BAB309B69A8}.Release|Any CPU.ActiveCfg = Release|Any CPU
		{5AE13205-A043-4E8F-AD43-9BAB309B69A8}.Release|Any CPU.Build.0 = Release|Any CPU
		{1FAF5411-3C39-4ABB-9991-7A49B81EA32A}.Debug|Any CPU.ActiveCfg = Debug|Any CPU
		{1FAF5411-3C39-4ABB-9991-7A49B81EA32A}.Debug|Any CPU.Build.0 = Debug|Any CPU
		{1FAF5411-3C39-4ABB-9991-7A49B81EA32A}.Release|Any CPU.ActiveCfg = Release|Any CPU
		{1FAF5411-3C39-4ABB-9991-7A49B81EA32A}.Release|Any CPU.Build.0 = Release|Any CPU
		{B27F1E57-A672-481E-BB27-CA8F6DB48527}.Debug|Any CPU.ActiveCfg = Debug|Any CPU
		{B27F1E57-A672-481E-BB27-CA8F6DB48527}.Debug|Any CPU.Build.0 = Debug|Any CPU
		{B27F1E57-A672-481E-BB27-CA8F6DB48527}.Release|Any CPU.ActiveCfg = Release|Any CPU
		{B27F1E57-A672-481E-BB27-CA8F6DB48527}.Release|Any CPU.Build.0 = Release|Any CPU
		{1E39743F-2349-4BB8-B37A-63207F241CB5}.Debug|Any CPU.ActiveCfg = Debug|Any CPU
		{1E39743F-2349-4BB8-B37A-63207F241CB5}.Debug|Any CPU.Build.0 = Debug|Any CPU
		{1E39743F-2349-4BB8-B37A-63207F241CB5}.Release|Any CPU.ActiveCfg = Release|Any CPU
		{1E39743F-2349-4BB8-B37A-63207F241CB5}.Release|Any CPU.Build.0 = Release|Any CPU
		{0B6BE19D-E75B-40B1-A817-6D5AF4FFD707}.Debug|Any CPU.ActiveCfg = Debug|Any CPU
		{0B6BE19D-E75B-40B1-A817-6D5AF4FFD707}.Debug|Any CPU.Build.0 = Debug|Any CPU
		{0B6BE19D-E75B-40B1-A817-6D5AF4FFD707}.Release|Any CPU.ActiveCfg = Release|Any CPU
		{0B6BE19D-E75B-40B1-A817-6D5AF4FFD707}.Release|Any CPU.Build.0 = Release|Any CPU
		{F2C4BDA6-57CB-4242-BFE3-AF337FD21F41}.Debug|Any CPU.ActiveCfg = Debug|Any CPU
		{F2C4BDA6-57CB-4242-BFE3-AF337FD21F41}.Debug|Any CPU.Build.0 = Debug|Any CPU
		{F2C4BDA6-57CB-4242-BFE3-AF337FD21F41}.Release|Any CPU.ActiveCfg = Release|Any CPU
		{F2C4BDA6-57CB-4242-BFE3-AF337FD21F41}.Release|Any CPU.Build.0 = Release|Any CPU
		{092B9A96-436C-4590-BEF0-1737EEA84774}.Debug|Any CPU.ActiveCfg = Debug|Any CPU
		{092B9A96-436C-4590-BEF0-1737EEA84774}.Debug|Any CPU.Build.0 = Debug|Any CPU
		{092B9A96-436C-4590-BEF0-1737EEA84774}.Release|Any CPU.ActiveCfg = Release|Any CPU
		{092B9A96-436C-4590-BEF0-1737EEA84774}.Release|Any CPU.Build.0 = Release|Any CPU
		{610EF49C-3B52-46B5-A265-CFA534867B2E}.Debug|Any CPU.ActiveCfg = Debug|Any CPU
		{610EF49C-3B52-46B5-A265-CFA534867B2E}.Debug|Any CPU.Build.0 = Debug|Any CPU
		{610EF49C-3B52-46B5-A265-CFA534867B2E}.Release|Any CPU.ActiveCfg = Release|Any CPU
		{610EF49C-3B52-46B5-A265-CFA534867B2E}.Release|Any CPU.Build.0 = Release|Any CPU
		{CE3CE40A-6C44-451E-A7F1-5CC28AC8A1E6}.Debug|Any CPU.ActiveCfg = Debug|Any CPU
		{CE3CE40A-6C44-451E-A7F1-5CC28AC8A1E6}.Debug|Any CPU.Build.0 = Debug|Any CPU
		{CE3CE40A-6C44-451E-A7F1-5CC28AC8A1E6}.Release|Any CPU.ActiveCfg = Release|Any CPU
		{CE3CE40A-6C44-451E-A7F1-5CC28AC8A1E6}.Release|Any CPU.Build.0 = Release|Any CPU
		{ABBD03F1-3F7C-4D95-A9ED-96A6872AB62F}.Debug|Any CPU.ActiveCfg = Debug|Any CPU
		{ABBD03F1-3F7C-4D95-A9ED-96A6872AB62F}.Debug|Any CPU.Build.0 = Debug|Any CPU
		{ABBD03F1-3F7C-4D95-A9ED-96A6872AB62F}.Release|Any CPU.ActiveCfg = Release|Any CPU
		{ABBD03F1-3F7C-4D95-A9ED-96A6872AB62F}.Release|Any CPU.Build.0 = Release|Any CPU
		{D85B778C-EBD0-4DA4-9DDC-402B07B4A558}.Debug|Any CPU.ActiveCfg = Debug|Any CPU
		{D85B778C-EBD0-4DA4-9DDC-402B07B4A558}.Debug|Any CPU.Build.0 = Debug|Any CPU
		{D85B778C-EBD0-4DA4-9DDC-402B07B4A558}.Release|Any CPU.ActiveCfg = Release|Any CPU
		{D85B778C-EBD0-4DA4-9DDC-402B07B4A558}.Release|Any CPU.Build.0 = Release|Any CPU
		{DF1CDBC0-9987-49CE-AC69-167C6202910F}.Debug|Any CPU.ActiveCfg = Debug|Any CPU
		{DF1CDBC0-9987-49CE-AC69-167C6202910F}.Debug|Any CPU.Build.0 = Debug|Any CPU
		{DF1CDBC0-9987-49CE-AC69-167C6202910F}.Release|Any CPU.ActiveCfg = Release|Any CPU
		{DF1CDBC0-9987-49CE-AC69-167C6202910F}.Release|Any CPU.Build.0 = Release|Any CPU
		{FA3A80AD-E02D-4D87-A3E4-B9ED184CAFBF}.Debug|Any CPU.ActiveCfg = Debug|Any CPU
		{FA3A80AD-E02D-4D87-A3E4-B9ED184CAFBF}.Debug|Any CPU.Build.0 = Debug|Any CPU
		{FA3A80AD-E02D-4D87-A3E4-B9ED184CAFBF}.Release|Any CPU.ActiveCfg = Release|Any CPU
		{FA3A80AD-E02D-4D87-A3E4-B9ED184CAFBF}.Release|Any CPU.Build.0 = Release|Any CPU
		{1CF1EB6A-C17F-4DD1-8CC0-6402F57943A6}.Debug|Any CPU.ActiveCfg = Debug|Any CPU
		{1CF1EB6A-C17F-4DD1-8CC0-6402F57943A6}.Debug|Any CPU.Build.0 = Debug|Any CPU
		{1CF1EB6A-C17F-4DD1-8CC0-6402F57943A6}.Release|Any CPU.ActiveCfg = Release|Any CPU
		{1CF1EB6A-C17F-4DD1-8CC0-6402F57943A6}.Release|Any CPU.Build.0 = Release|Any CPU
		{51FA61BF-A125-49D6-9BE0-D71D3BC0180D}.Debug|Any CPU.ActiveCfg = Debug|Any CPU
		{51FA61BF-A125-49D6-9BE0-D71D3BC0180D}.Debug|Any CPU.Build.0 = Debug|Any CPU
		{51FA61BF-A125-49D6-9BE0-D71D3BC0180D}.Release|Any CPU.ActiveCfg = Release|Any CPU
		{51FA61BF-A125-49D6-9BE0-D71D3BC0180D}.Release|Any CPU.Build.0 = Release|Any CPU
		{97365969-56E3-4337-88F6-62766B913204}.Debug|Any CPU.ActiveCfg = Debug|Any CPU
		{97365969-56E3-4337-88F6-62766B913204}.Debug|Any CPU.Build.0 = Debug|Any CPU
		{97365969-56E3-4337-88F6-62766B913204}.Release|Any CPU.ActiveCfg = Release|Any CPU
		{97365969-56E3-4337-88F6-62766B913204}.Release|Any CPU.Build.0 = Release|Any CPU
		{28D409E5-3512-4785-BAED-9779014C06F9}.Debug|Any CPU.ActiveCfg = Debug|Any CPU
		{28D409E5-3512-4785-BAED-9779014C06F9}.Debug|Any CPU.Build.0 = Debug|Any CPU
		{28D409E5-3512-4785-BAED-9779014C06F9}.Release|Any CPU.ActiveCfg = Release|Any CPU
		{28D409E5-3512-4785-BAED-9779014C06F9}.Release|Any CPU.Build.0 = Release|Any CPU
		{93580A89-F24D-4850-A77B-F364722B6BE0}.Debug|Any CPU.ActiveCfg = Debug|Any CPU
		{93580A89-F24D-4850-A77B-F364722B6BE0}.Debug|Any CPU.Build.0 = Debug|Any CPU
		{93580A89-F24D-4850-A77B-F364722B6BE0}.Release|Any CPU.ActiveCfg = Release|Any CPU
		{93580A89-F24D-4850-A77B-F364722B6BE0}.Release|Any CPU.Build.0 = Release|Any CPU
		{7D2DE4DA-C160-4A33-BF25-A210369D7839}.Debug|Any CPU.ActiveCfg = Debug|Any CPU
		{7D2DE4DA-C160-4A33-BF25-A210369D7839}.Debug|Any CPU.Build.0 = Debug|Any CPU
		{7D2DE4DA-C160-4A33-BF25-A210369D7839}.Release|Any CPU.ActiveCfg = Release|Any CPU
		{7D2DE4DA-C160-4A33-BF25-A210369D7839}.Release|Any CPU.Build.0 = Release|Any CPU
		{EEE47D4F-26BD-43CC-A1D6-99F2E9C5B51B}.Debug|Any CPU.ActiveCfg = Debug|Any CPU
		{EEE47D4F-26BD-43CC-A1D6-99F2E9C5B51B}.Debug|Any CPU.Build.0 = Debug|Any CPU
		{EEE47D4F-26BD-43CC-A1D6-99F2E9C5B51B}.Release|Any CPU.ActiveCfg = Release|Any CPU
		{EEE47D4F-26BD-43CC-A1D6-99F2E9C5B51B}.Release|Any CPU.Build.0 = Release|Any CPU
		{FF0A3040-E68D-43DC-8F7D-A0FAC788828D}.Debug|Any CPU.ActiveCfg = Debug|Any CPU
		{FF0A3040-E68D-43DC-8F7D-A0FAC788828D}.Debug|Any CPU.Build.0 = Debug|Any CPU
		{FF0A3040-E68D-43DC-8F7D-A0FAC788828D}.Release|Any CPU.ActiveCfg = Release|Any CPU
		{FF0A3040-E68D-43DC-8F7D-A0FAC788828D}.Release|Any CPU.Build.0 = Release|Any CPU
		{00C05166-40BF-4427-91E5-5D4CE7F5EACA}.Debug|Any CPU.ActiveCfg = Debug|Any CPU
		{00C05166-40BF-4427-91E5-5D4CE7F5EACA}.Debug|Any CPU.Build.0 = Debug|Any CPU
		{00C05166-40BF-4427-91E5-5D4CE7F5EACA}.Release|Any CPU.ActiveCfg = Release|Any CPU
		{00C05166-40BF-4427-91E5-5D4CE7F5EACA}.Release|Any CPU.Build.0 = Release|Any CPU
		{6BB9CB34-8C57-4C33-8642-7D1FDE8EF58D}.Debug|Any CPU.ActiveCfg = Debug|Any CPU
		{6BB9CB34-8C57-4C33-8642-7D1FDE8EF58D}.Debug|Any CPU.Build.0 = Debug|Any CPU
		{6BB9CB34-8C57-4C33-8642-7D1FDE8EF58D}.Release|Any CPU.ActiveCfg = Release|Any CPU
		{6BB9CB34-8C57-4C33-8642-7D1FDE8EF58D}.Release|Any CPU.Build.0 = Release|Any CPU
		{7119401A-AD1A-429B-8C2F-19384D00641E}.Debug|Any CPU.ActiveCfg = Debug|Any CPU
		{7119401A-AD1A-429B-8C2F-19384D00641E}.Debug|Any CPU.Build.0 = Debug|Any CPU
		{7119401A-AD1A-429B-8C2F-19384D00641E}.Release|Any CPU.ActiveCfg = Release|Any CPU
		{7119401A-AD1A-429B-8C2F-19384D00641E}.Release|Any CPU.Build.0 = Release|Any CPU
		{CE4DC73B-952D-44C9-9DA4-A2DA30503F5C}.Debug|Any CPU.ActiveCfg = Debug|Any CPU
		{CE4DC73B-952D-44C9-9DA4-A2DA30503F5C}.Debug|Any CPU.Build.0 = Debug|Any CPU
		{CE4DC73B-952D-44C9-9DA4-A2DA30503F5C}.Release|Any CPU.ActiveCfg = Release|Any CPU
		{CE4DC73B-952D-44C9-9DA4-A2DA30503F5C}.Release|Any CPU.Build.0 = Release|Any CPU
		{A0965E64-7A46-455E-B610-4C0FDA4BF246}.Debug|Any CPU.ActiveCfg = Debug|Any CPU
		{A0965E64-7A46-455E-B610-4C0FDA4BF246}.Debug|Any CPU.Build.0 = Debug|Any CPU
		{A0965E64-7A46-455E-B610-4C0FDA4BF246}.Release|Any CPU.ActiveCfg = Release|Any CPU
		{A0965E64-7A46-455E-B610-4C0FDA4BF246}.Release|Any CPU.Build.0 = Release|Any CPU
		{9B3680C6-EEBE-4EB8-844A-35420B10BBCF}.Debug|Any CPU.ActiveCfg = Debug|Any CPU
		{9B3680C6-EEBE-4EB8-844A-35420B10BBCF}.Debug|Any CPU.Build.0 = Debug|Any CPU
		{9B3680C6-EEBE-4EB8-844A-35420B10BBCF}.Release|Any CPU.ActiveCfg = Release|Any CPU
		{9B3680C6-EEBE-4EB8-844A-35420B10BBCF}.Release|Any CPU.Build.0 = Release|Any CPU
		{17FF9785-79D8-4AC7-9D85-4207D6D379EC}.Debug|Any CPU.ActiveCfg = Debug|Any CPU
		{17FF9785-79D8-4AC7-9D85-4207D6D379EC}.Debug|Any CPU.Build.0 = Debug|Any CPU
		{17FF9785-79D8-4AC7-9D85-4207D6D379EC}.Release|Any CPU.ActiveCfg = Release|Any CPU
		{17FF9785-79D8-4AC7-9D85-4207D6D379EC}.Release|Any CPU.Build.0 = Release|Any CPU
		{916FD3A0-F121-4232-B3AF-C918319024A7}.Debug|Any CPU.ActiveCfg = Debug|Any CPU
		{916FD3A0-F121-4232-B3AF-C918319024A7}.Debug|Any CPU.Build.0 = Debug|Any CPU
		{916FD3A0-F121-4232-B3AF-C918319024A7}.Release|Any CPU.ActiveCfg = Release|Any CPU
		{916FD3A0-F121-4232-B3AF-C918319024A7}.Release|Any CPU.Build.0 = Release|Any CPU
		{9C73A536-9A6D-4F4A-B5B5-2A10D503CBF1}.Debug|Any CPU.ActiveCfg = Debug|Any CPU
		{9C73A536-9A6D-4F4A-B5B5-2A10D503CBF1}.Debug|Any CPU.Build.0 = Debug|Any CPU
		{9C73A536-9A6D-4F4A-B5B5-2A10D503CBF1}.Release|Any CPU.ActiveCfg = Release|Any CPU
		{9C73A536-9A6D-4F4A-B5B5-2A10D503CBF1}.Release|Any CPU.Build.0 = Release|Any CPU
		{2A7122FF-ED4A-4150-9396-F201591DD114}.Debug|Any CPU.ActiveCfg = Debug|Any CPU
		{2A7122FF-ED4A-4150-9396-F201591DD114}.Debug|Any CPU.Build.0 = Debug|Any CPU
		{2A7122FF-ED4A-4150-9396-F201591DD114}.Release|Any CPU.ActiveCfg = Release|Any CPU
		{2A7122FF-ED4A-4150-9396-F201591DD114}.Release|Any CPU.Build.0 = Release|Any CPU
		{B1832265-36D3-456E-ABBE-8D64F9F990EC}.Debug|Any CPU.ActiveCfg = Debug|Any CPU
		{B1832265-36D3-456E-ABBE-8D64F9F990EC}.Debug|Any CPU.Build.0 = Debug|Any CPU
		{B1832265-36D3-456E-ABBE-8D64F9F990EC}.Release|Any CPU.ActiveCfg = Release|Any CPU
		{B1832265-36D3-456E-ABBE-8D64F9F990EC}.Release|Any CPU.Build.0 = Release|Any CPU
		{D40BA5D0-E565-44EC-A8EE-CA05E01DC6D5}.Debug|Any CPU.ActiveCfg = Debug|Any CPU
		{D40BA5D0-E565-44EC-A8EE-CA05E01DC6D5}.Debug|Any CPU.Build.0 = Debug|Any CPU
		{D40BA5D0-E565-44EC-A8EE-CA05E01DC6D5}.Release|Any CPU.ActiveCfg = Release|Any CPU
		{D40BA5D0-E565-44EC-A8EE-CA05E01DC6D5}.Release|Any CPU.Build.0 = Release|Any CPU
		{FE66DF59-43F2-45AA-9B30-559BE1181027}.Debug|Any CPU.ActiveCfg = Debug|Any CPU
		{FE66DF59-43F2-45AA-9B30-559BE1181027}.Debug|Any CPU.Build.0 = Debug|Any CPU
		{FE66DF59-43F2-45AA-9B30-559BE1181027}.Release|Any CPU.ActiveCfg = Release|Any CPU
		{FE66DF59-43F2-45AA-9B30-559BE1181027}.Release|Any CPU.Build.0 = Release|Any CPU
		{BC416770-A896-47D8-96F5-C3CC4DDBE30F}.Debug|Any CPU.ActiveCfg = Debug|Any CPU
		{BC416770-A896-47D8-96F5-C3CC4DDBE30F}.Debug|Any CPU.Build.0 = Debug|Any CPU
		{BC416770-A896-47D8-96F5-C3CC4DDBE30F}.Release|Any CPU.ActiveCfg = Release|Any CPU
		{BC416770-A896-47D8-96F5-C3CC4DDBE30F}.Release|Any CPU.Build.0 = Release|Any CPU
		{74259DA4-08B0-4F54-9B09-2FFAED7C840A}.Debug|Any CPU.ActiveCfg = Debug|Any CPU
		{74259DA4-08B0-4F54-9B09-2FFAED7C840A}.Debug|Any CPU.Build.0 = Debug|Any CPU
		{74259DA4-08B0-4F54-9B09-2FFAED7C840A}.Release|Any CPU.ActiveCfg = Release|Any CPU
		{74259DA4-08B0-4F54-9B09-2FFAED7C840A}.Release|Any CPU.Build.0 = Release|Any CPU
		{B7F96550-C181-4F1D-BA52-63230AEA4D0A}.Debug|Any CPU.ActiveCfg = Debug|Any CPU
		{B7F96550-C181-4F1D-BA52-63230AEA4D0A}.Debug|Any CPU.Build.0 = Debug|Any CPU
		{B7F96550-C181-4F1D-BA52-63230AEA4D0A}.Release|Any CPU.ActiveCfg = Release|Any CPU
		{B7F96550-C181-4F1D-BA52-63230AEA4D0A}.Release|Any CPU.Build.0 = Release|Any CPU
		{0963D652-18D9-49CC-9F46-04D2EF35FA03}.Debug|Any CPU.ActiveCfg = Debug|Any CPU
		{0963D652-18D9-49CC-9F46-04D2EF35FA03}.Debug|Any CPU.Build.0 = Debug|Any CPU
		{0963D652-18D9-49CC-9F46-04D2EF35FA03}.Release|Any CPU.ActiveCfg = Release|Any CPU
		{0963D652-18D9-49CC-9F46-04D2EF35FA03}.Release|Any CPU.Build.0 = Release|Any CPU
	EndGlobalSection
	GlobalSection(SolutionProperties) = preSolution
		HideSolutionNode = FALSE
	EndGlobalSection
	GlobalSection(NestedProjects) = preSolution
		{7935DA13-BF6E-4BC3-AEBF-42403ADAFA40} = {696DE2B5-40E1-4672-96DA-DDD1F26660D4}
		{2782E921-9CEA-4669-899F-100765A21E92} = {696DE2B5-40E1-4672-96DA-DDD1F26660D4}
		{920FA22C-7F80-4A21-9FFE-940CE3BAB56E} = {696DE2B5-40E1-4672-96DA-DDD1F26660D4}
		{489ED704-F1A4-4BB9-90C5-C36446F4412E} = {2E8B78B6-AD6A-477C-90BB-5E974F4A945A}
		{3EFE167A-8622-48D9-A4D3-499979B30488} = {489ED704-F1A4-4BB9-90C5-C36446F4412E}
		{95178447-D25E-4B23-8C66-E6AB76501498} = {489ED704-F1A4-4BB9-90C5-C36446F4412E}
		{E44447B2-2286-4034-A516-3D99400C697D} = {489ED704-F1A4-4BB9-90C5-C36446F4412E}
		{A187189D-F4B6-4659-9583-5BD16985C8A5} = {489ED704-F1A4-4BB9-90C5-C36446F4412E}
		{5AE13205-A043-4E8F-AD43-9BAB309B69A8} = {2D446767-3B34-4DED-A646-C57A7E6726F6}
		{2D446767-3B34-4DED-A646-C57A7E6726F6} = {2E8B78B6-AD6A-477C-90BB-5E974F4A945A}
		{1FAF5411-3C39-4ABB-9991-7A49B81EA32A} = {2D446767-3B34-4DED-A646-C57A7E6726F6}
		{B27F1E57-A672-481E-BB27-CA8F6DB48527} = {2D446767-3B34-4DED-A646-C57A7E6726F6}
		{1E39743F-2349-4BB8-B37A-63207F241CB5} = {2D446767-3B34-4DED-A646-C57A7E6726F6}
		{7A8B6F49-165E-411B-8954-3E1AB57997B1} = {2E8B78B6-AD6A-477C-90BB-5E974F4A945A}
		{0B6BE19D-E75B-40B1-A817-6D5AF4FFD707} = {7A8B6F49-165E-411B-8954-3E1AB57997B1}
		{F2C4BDA6-57CB-4242-BFE3-AF337FD21F41} = {7A8B6F49-165E-411B-8954-3E1AB57997B1}
		{092B9A96-436C-4590-BEF0-1737EEA84774} = {7A8B6F49-165E-411B-8954-3E1AB57997B1}
		{610EF49C-3B52-46B5-A265-CFA534867B2E} = {7A8B6F49-165E-411B-8954-3E1AB57997B1}
		{CE3CE40A-6C44-451E-A7F1-5CC28AC8A1E6} = {365967A5-FBA0-4E65-9292-4CABC1851816}
		{365967A5-FBA0-4E65-9292-4CABC1851816} = {2E8B78B6-AD6A-477C-90BB-5E974F4A945A}
		{ABBD03F1-3F7C-4D95-A9ED-96A6872AB62F} = {365967A5-FBA0-4E65-9292-4CABC1851816}
		{D85B778C-EBD0-4DA4-9DDC-402B07B4A558} = {365967A5-FBA0-4E65-9292-4CABC1851816}
		{DF1CDBC0-9987-49CE-AC69-167C6202910F} = {365967A5-FBA0-4E65-9292-4CABC1851816}
		{FA3A80AD-E02D-4D87-A3E4-B9ED184CAFBF} = {39D8B114-5FB5-4B68-85B7-9F8719276E5D}
		{39D8B114-5FB5-4B68-85B7-9F8719276E5D} = {2E8B78B6-AD6A-477C-90BB-5E974F4A945A}
		{1CF1EB6A-C17F-4DD1-8CC0-6402F57943A6} = {39D8B114-5FB5-4B68-85B7-9F8719276E5D}
		{51FA61BF-A125-49D6-9BE0-D71D3BC0180D} = {39D8B114-5FB5-4B68-85B7-9F8719276E5D}
		{97365969-56E3-4337-88F6-62766B913204} = {39D8B114-5FB5-4B68-85B7-9F8719276E5D}
		{28D409E5-3512-4785-BAED-9779014C06F9} = {2E8B78B6-AD6A-477C-90BB-5E974F4A945A}
		{93580A89-F24D-4850-A77B-F364722B6BE0} = {7656E577-291E-4EC5-BD43-D60E2C6E7931}
		{7D2DE4DA-C160-4A33-BF25-A210369D7839} = {7656E577-291E-4EC5-BD43-D60E2C6E7931}
		{FF0A3040-E68D-43DC-8F7D-A0FAC788828D} = {582AEE01-85DC-4D8E-8A58-EC1BCFAC2F75}
		{E49652B3-6BF9-454C-B657-0C55FBB32D7F} = {463BAC36-4B2E-4DB0-B70D-85ED062E4857}
		{00C05166-40BF-4427-91E5-5D4CE7F5EACA} = {E49652B3-6BF9-454C-B657-0C55FBB32D7F}
		{6BB9CB34-8C57-4C33-8642-7D1FDE8EF58D} = {E49652B3-6BF9-454C-B657-0C55FBB32D7F}
		{7D208FF3-4BF7-4A35-9754-BD45EC9FAB92} = {463BAC36-4B2E-4DB0-B70D-85ED062E4857}
		{7119401A-AD1A-429B-8C2F-19384D00641E} = {E49652B3-6BF9-454C-B657-0C55FBB32D7F}
		{CE4DC73B-952D-44C9-9DA4-A2DA30503F5C} = {7D208FF3-4BF7-4A35-9754-BD45EC9FAB92}
		{A0965E64-7A46-455E-B610-4C0FDA4BF246} = {7D208FF3-4BF7-4A35-9754-BD45EC9FAB92}
		{9B3680C6-EEBE-4EB8-844A-35420B10BBCF} = {7D208FF3-4BF7-4A35-9754-BD45EC9FAB92}
		{17FF9785-79D8-4AC7-9D85-4207D6D379EC} = {E49652B3-6BF9-454C-B657-0C55FBB32D7F}
		{9C73A536-9A6D-4F4A-B5B5-2A10D503CBF1} = {7D208FF3-4BF7-4A35-9754-BD45EC9FAB92}
		{AC3F6EFE-DD3A-4D90-B5D6-BB020343D299} = {4A9536E8-E1D5-4EDD-8836-C30094222162}
		{DB207576-A499-4490-8974-20E03D0FDE9B} = {4A9536E8-E1D5-4EDD-8836-C30094222162}
		{5DA15358-CAC4-455D-9D65-8131A9909AD6} = {CC1A6DD2-A51E-472C-B30C-344455EDB8D7}
		{A04F3FCC-983F-4926-894D-9293C2D6D025} = {CC1A6DD2-A51E-472C-B30C-344455EDB8D7}
		{2A7122FF-ED4A-4150-9396-F201591DD114} = {5DA15358-CAC4-455D-9D65-8131A9909AD6}
		{B1832265-36D3-456E-ABBE-8D64F9F990EC} = {A04F3FCC-983F-4926-894D-9293C2D6D025}
		{D40BA5D0-E565-44EC-A8EE-CA05E01DC6D5} = {5DA15358-CAC4-455D-9D65-8131A9909AD6}
		{FE66DF59-43F2-45AA-9B30-559BE1181027} = {5DA15358-CAC4-455D-9D65-8131A9909AD6}
		{BC416770-A896-47D8-96F5-C3CC4DDBE30F} = {5DA15358-CAC4-455D-9D65-8131A9909AD6}
		{74259DA4-08B0-4F54-9B09-2FFAED7C840A} = {A04F3FCC-983F-4926-894D-9293C2D6D025}
		{B7F96550-C181-4F1D-BA52-63230AEA4D0A} = {A04F3FCC-983F-4926-894D-9293C2D6D025}
		{0963D652-18D9-49CC-9F46-04D2EF35FA03} = {A04F3FCC-983F-4926-894D-9293C2D6D025}
	EndGlobalSection
	GlobalSection(ExtensibilityGlobals) = postSolution
		SolutionGuid = {47C6B020-09D3-4DF7-8460-95200C811308}
	EndGlobalSection
EndGlobal
